
Microsoft Visual Studio Solution File, Format Version 12.00
# Visual Studio Version 16
VisualStudioVersion = 16.0.31019.35
MinimumVisualStudioVersion = 10.0.40219.1
Project("{9A19103F-16F7-4668-BE54-9A1E7A4F7556}") = "TodoForPolyrific.Server", "TodoForPolyrific\Server\TodoForPolyrific.Server.csproj", "{DC15CB4C-0130-4121-BD8A-EF6A0A3B113D}"
EndProject
Project("{9A19103F-16F7-4668-BE54-9A1E7A4F7556}") = "TodoForPolyrific.Client", "TodoForPolyrific\Client\TodoForPolyrific.Client.csproj", "{5C7DAB0D-5E8F-4DF0-83C7-FB31DD6521E5}"
EndProject
Project("{9A19103F-16F7-4668-BE54-9A1E7A4F7556}") = "TodoForPolyrific.Shared", "TodoForPolyrific\Shared\TodoForPolyrific.Shared.csproj", "{A3326CCE-A894-45A5-9285-D720FB404888}"
EndProject
Global
	GlobalSection(SolutionConfigurationPlatforms) = preSolution
		Debug|Any CPU = Debug|Any CPU
		Release|Any CPU = Release|Any CPU
	EndGlobalSection
	GlobalSection(ProjectConfigurationPlatforms) = postSolution
		{DC15CB4C-0130-4121-BD8A-EF6A0A3B113D}.Debug|Any CPU.ActiveCfg = Debug|Any CPU
		{DC15CB4C-0130-4121-BD8A-EF6A0A3B113D}.Debug|Any CPU.Build.0 = Debug|Any CPU
		{DC15CB4C-0130-4121-BD8A-EF6A0A3B113D}.Release|Any CPU.ActiveCfg = Release|Any CPU
		{DC15CB4C-0130-4121-BD8A-EF6A0A3B113D}.Release|Any CPU.Build.0 = Release|Any CPU
		{5C7DAB0D-5E8F-4DF0-83C7-FB31DD6521E5}.Debug|Any CPU.ActiveCfg = Debug|Any CPU
		{5C7DAB0D-5E8F-4DF0-83C7-FB31DD6521E5}.Debug|Any CPU.Build.0 = Debug|Any CPU
		{5C7DAB0D-5E8F-4DF0-83C7-FB31DD6521E5}.Release|Any CPU.ActiveCfg = Release|Any CPU
		{5C7DAB0D-5E8F-4DF0-83C7-FB31DD6521E5}.Release|Any CPU.Build.0 = Release|Any CPU
		{A3326CCE-A894-45A5-9285-D720FB404888}.Debug|Any CPU.ActiveCfg = Debug|Any CPU
		{A3326CCE-A894-45A5-9285-D720FB404888}.Debug|Any CPU.Build.0 = Debug|Any CPU
		{A3326CCE-A894-45A5-9285-D720FB404888}.Release|Any CPU.ActiveCfg = Release|Any CPU
		{A3326CCE-A894-45A5-9285-D720FB404888}.Release|Any CPU.Build.0 = Release|Any CPU
	EndGlobalSection
	GlobalSection(SolutionProperties) = preSolution
		HideSolutionNode = FALSE
	EndGlobalSection
	GlobalSection(ExtensibilityGlobals) = postSolution
		SolutionGuid = {121A2718-8AD8-4713-AC97-8616B58FEE10}
	EndGlobalSection
EndGlobal
